
Microsoft Visual Studio Solution File, Format Version 12.00
# Visual Studio Version 16
VisualStudioVersion = 16.0.34407.143
MinimumVisualStudioVersion = 10.0.40219.1
Project("{3B740506-4966-4147-AB1F-357FE08946EA}") = "EventVision", "TcEventVideoPlayback-TcHMIControl\EventVision.hmiextproj", "{BFA1B7B4-9F76-4E19-B97D-33FACD55E9CA}"
EndProject
Global
	GlobalSection(SolutionConfigurationPlatforms) = preSolution
		Debug|TwinCAT HMI = Debug|TwinCAT HMI
		Release|TwinCAT HMI = Release|TwinCAT HMI
	EndGlobalSection
	GlobalSection(ProjectConfigurationPlatforms) = postSolution
		{BFA1B7B4-9F76-4E19-B97D-33FACD55E9CA}.Debug|TwinCAT HMI.ActiveCfg = Debug|TwinCAT HMI
		{BFA1B7B4-9F76-4E19-B97D-33FACD55E9CA}.Debug|TwinCAT HMI.Build.0 = Debug|TwinCAT HMI
		{BFA1B7B4-9F76-4E19-B97D-33FACD55E9CA}.Release|TwinCAT HMI.ActiveCfg = Release|TwinCAT HMI
		{BFA1B7B4-9F76-4E19-B97D-33FACD55E9CA}.Release|TwinCAT HMI.Build.0 = Release|TwinCAT HMI
	EndGlobalSection
	GlobalSection(SolutionProperties) = preSolution
		HideSolutionNode = FALSE
	EndGlobalSection
	GlobalSection(ExtensibilityGlobals) = postSolution
		SolutionGuid = {909228DD-A0CF-4595-BB5A-BFFA14660313}
	EndGlobalSection
EndGlobal
